// !$*UTF8*$!
{
	archiveVersion = 1;
	classes = {
	};
	objectVersion = 46;
	objects = {

/* Begin PBXBuildFile section */
		D12503001E88F7EA00588560 /* AnimationViewController.m in Sources */ = {isa = PBXBuildFile; fileRef = D12502FF1E88F7EA00588560 /* AnimationViewController.m */; };
		D12503061E88F86600588560 /* RedDot.m in Sources */ = {isa = PBXBuildFile; fileRef = D12503031E88F86600588560 /* RedDot.m */; };
		D12503071E88F86600588560 /* WaterWaveView.m in Sources */ = {isa = PBXBuildFile; fileRef = D12503051E88F86600588560 /* WaterWaveView.m */; };
		D125030A1E88F8C000588560 /* AnimationTransformViewController.m in Sources */ = {isa = PBXBuildFile; fileRef = D12503091E88F8C000588560 /* AnimationTransformViewController.m */; };
		D125030E1E88FA7200588560 /* AnimationTranslatorManager.m in Sources */ = {isa = PBXBuildFile; fileRef = D125030D1E88FA7200588560 /* AnimationTranslatorManager.m */; };
		D14265A01EAF381300463958 /* DonutHUBView.m in Sources */ = {isa = PBXBuildFile; fileRef = D142659F1EAF381300463958 /* DonutHUBView.m */; };
		D14265A61EAF552F00463958 /* RingProcessView.m in Sources */ = {isa = PBXBuildFile; fileRef = D14265A51EAF552F00463958 /* RingProcessView.m */; };
		D16F895B1E8F56360092D451 /* TransformAnimationAViewController.m in Sources */ = {isa = PBXBuildFile; fileRef = D16F895A1E8F56360092D451 /* TransformAnimationAViewController.m */; };
		D16F895E1E8F703A0092D451 /* TransformAnimationBViewController.m in Sources */ = {isa = PBXBuildFile; fileRef = D16F895D1E8F703A0092D451 /* TransformAnimationBViewController.m */; };
		D16F89631E8F98200092D451 /* NaviTranstionManager.m in Sources */ = {isa = PBXBuildFile; fileRef = D16F89621E8F98200092D451 /* NaviTranstionManager.m */; };
		D16F89691E94BEC60092D451 /* TransformAnimationCViewController.m in Sources */ = {isa = PBXBuildFile; fileRef = D16F89681E94BEC60092D451 /* TransformAnimationCViewController.m */; };
		D16F896C1E94CED70092D451 /* InteractiveTransition.m in Sources */ = {isa = PBXBuildFile; fileRef = D16F896B1E94CED70092D451 /* InteractiveTransition.m */; };
		D16F896E1E94DDB40092D451 /* 7472Image.PNG in Resources */ = {isa = PBXBuildFile; fileRef = D16F896D1E94DDB40092D451 /* 7472Image.PNG */; };
		D16F8E831E95E6560092D451 /* GeometryDrawingViewController.m in Sources */ = {isa = PBXBuildFile; fileRef = D16F8E821E95E6560092D451 /* GeometryDrawingViewController.m */; };
		D16F8E871E95E7190092D451 /* PieView.m in Sources */ = {isa = PBXBuildFile; fileRef = D16F8E861E95E7190092D451 /* PieView.m */; };
		D1A8E4D31E704CC900D4DAB8 /* main.m in Sources */ = {isa = PBXBuildFile; fileRef = D1A8E4D21E704CC900D4DAB8 /* main.m */; };
		D1A8E4D61E704CC900D4DAB8 /* AppDelegate.m in Sources */ = {isa = PBXBuildFile; fileRef = D1A8E4D51E704CC900D4DAB8 /* AppDelegate.m */; };
		D1A8E4DC1E704CC900D4DAB8 /* Main.storyboard in Resources */ = {isa = PBXBuildFile; fileRef = D1A8E4DA1E704CC900D4DAB8 /* Main.storyboard */; };
		D1A8E4DE1E704CC900D4DAB8 /* Assets.xcassets in Resources */ = {isa = PBXBuildFile; fileRef = D1A8E4DD1E704CC900D4DAB8 /* Assets.xcassets */; };
		D1A8E4E11E704CC900D4DAB8 /* LaunchScreen.storyboard in Resources */ = {isa = PBXBuildFile; fileRef = D1A8E4DF1E704CC900D4DAB8 /* LaunchScreen.storyboard */; };
		D1A8E4F31E70520800D4DAB8 /* DemoListViewController.m in Sources */ = {isa = PBXBuildFile; fileRef = D1A8E4F21E70520800D4DAB8 /* DemoListViewController.m */; };
		D1A8E4FE1E7056EA00D4DAB8 /* NSObject+AnimationComputing.m in Sources */ = {isa = PBXBuildFile; fileRef = D1A8E4FD1E7056EA00D4DAB8 /* NSObject+AnimationComputing.m */; };
		D1A8E5021E70596700D4DAB8 /* Images.xcassets in Resources */ = {isa = PBXBuildFile; fileRef = D1A8E5011E70596700D4DAB8 /* Images.xcassets */; };
/* End PBXBuildFile section */

/* Begin PBXFileReference section */
		D12502FE1E88F7EA00588560 /* AnimationViewController.h */ = {isa = PBXFileReference; fileEncoding = 4; lastKnownFileType = sourcecode.c.h; path = AnimationViewController.h; sourceTree = "<group>"; };
		D12502FF1E88F7EA00588560 /* AnimationViewController.m */ = {isa = PBXFileReference; fileEncoding = 4; lastKnownFileType = sourcecode.c.objc; path = AnimationViewController.m; sourceTree = "<group>"; };
		D12503021E88F86600588560 /* RedDot.h */ = {isa = PBXFileReference; fileEncoding = 4; lastKnownFileType = sourcecode.c.h; path = RedDot.h; sourceTree = "<group>"; };
		D12503031E88F86600588560 /* RedDot.m */ = {isa = PBXFileReference; fileEncoding = 4; lastKnownFileType = sourcecode.c.objc; path = RedDot.m; sourceTree = "<group>"; };
		D12503041E88F86600588560 /* WaterWaveView.h */ = {isa = PBXFileReference; fileEncoding = 4; lastKnownFileType = sourcecode.c.h; path = WaterWaveView.h; sourceTree = "<group>"; };
		D12503051E88F86600588560 /* WaterWaveView.m */ = {isa = PBXFileReference; fileEncoding = 4; lastKnownFileType = sourcecode.c.objc; path = WaterWaveView.m; sourceTree = "<group>"; };
		D12503081E88F8C000588560 /* AnimationTransformViewController.h */ = {isa = PBXFileReference; fileEncoding = 4; lastKnownFileType = sourcecode.c.h; path = AnimationTransformViewController.h; sourceTree = "<group>"; };
		D12503091E88F8C000588560 /* AnimationTransformViewController.m */ = {isa = PBXFileReference; fileEncoding = 4; lastKnownFileType = sourcecode.c.objc; path = AnimationTransformViewController.m; sourceTree = "<group>"; };
		D125030C1E88FA7200588560 /* AnimationTranslatorManager.h */ = {isa = PBXFileReference; fileEncoding = 4; lastKnownFileType = sourcecode.c.h; path = AnimationTranslatorManager.h; sourceTree = "<group>"; };
		D125030D1E88FA7200588560 /* AnimationTranslatorManager.m */ = {isa = PBXFileReference; fileEncoding = 4; lastKnownFileType = sourcecode.c.objc; path = AnimationTranslatorManager.m; sourceTree = "<group>"; };
		D142659E1EAF381300463958 /* DonutHUBView.h */ = {isa = PBXFileReference; fileEncoding = 4; lastKnownFileType = sourcecode.c.h; path = DonutHUBView.h; sourceTree = "<group>"; };
		D142659F1EAF381300463958 /* DonutHUBView.m */ = {isa = PBXFileReference; fileEncoding = 4; lastKnownFileType = sourcecode.c.objc; path = DonutHUBView.m; sourceTree = "<group>"; };
		D14265A41EAF552F00463958 /* RingProcessView.h */ = {isa = PBXFileReference; fileEncoding = 4; lastKnownFileType = sourcecode.c.h; path = RingProcessView.h; sourceTree = "<group>"; };
		D14265A51EAF552F00463958 /* RingProcessView.m */ = {isa = PBXFileReference; fileEncoding = 4; lastKnownFileType = sourcecode.c.objc; path = RingProcessView.m; sourceTree = "<group>"; };
		D16F89591E8F56360092D451 /* TransformAnimationAViewController.h */ = {isa = PBXFileReference; fileEncoding = 4; lastKnownFileType = sourcecode.c.h; path = TransformAnimationAViewController.h; sourceTree = "<group>"; };
		D16F895A1E8F56360092D451 /* TransformAnimationAViewController.m */ = {isa = PBXFileReference; fileEncoding = 4; lastKnownFileType = sourcecode.c.objc; path = TransformAnimationAViewController.m; sourceTree = "<group>"; };
		D16F895C1E8F703A0092D451 /* TransformAnimationBViewController.h */ = {isa = PBXFileReference; fileEncoding = 4; lastKnownFileType = sourcecode.c.h; path = TransformAnimationBViewController.h; sourceTree = "<group>"; };
		D16F895D1E8F703A0092D451 /* TransformAnimationBViewController.m */ = {isa = PBXFileReference; fileEncoding = 4; lastKnownFileType = sourcecode.c.objc; path = TransformAnimationBViewController.m; sourceTree = "<group>"; };
		D16F89611E8F98200092D451 /* NaviTranstionManager.h */ = {isa = PBXFileReference; fileEncoding = 4; lastKnownFileType = sourcecode.c.h; path = NaviTranstionManager.h; sourceTree = "<group>"; };
		D16F89621E8F98200092D451 /* NaviTranstionManager.m */ = {isa = PBXFileReference; fileEncoding = 4; lastKnownFileType = sourcecode.c.objc; path = NaviTranstionManager.m; sourceTree = "<group>"; };
		D16F89671E94BEC60092D451 /* TransformAnimationCViewController.h */ = {isa = PBXFileReference; fileEncoding = 4; lastKnownFileType = sourcecode.c.h; path = TransformAnimationCViewController.h; sourceTree = "<group>"; };
		D16F89681E94BEC60092D451 /* TransformAnimationCViewController.m */ = {isa = PBXFileReference; fileEncoding = 4; lastKnownFileType = sourcecode.c.objc; path = TransformAnimationCViewController.m; sourceTree = "<group>"; };
		D16F896A1E94CED70092D451 /* InteractiveTransition.h */ = {isa = PBXFileReference; fileEncoding = 4; lastKnownFileType = sourcecode.c.h; path = InteractiveTransition.h; sourceTree = "<group>"; };
		D16F896B1E94CED70092D451 /* InteractiveTransition.m */ = {isa = PBXFileReference; fileEncoding = 4; lastKnownFileType = sourcecode.c.objc; path = InteractiveTransition.m; sourceTree = "<group>"; };
		D16F896D1E94DDB40092D451 /* 7472Image.PNG */ = {isa = PBXFileReference; lastKnownFileType = image.png; path = 7472Image.PNG; sourceTree = "<group>"; };
		D16F8E811E95E6560092D451 /* GeometryDrawingViewController.h */ = {isa = PBXFileReference; fileEncoding = 4; lastKnownFileType = sourcecode.c.h; path = GeometryDrawingViewController.h; sourceTree = "<group>"; };
		D16F8E821E95E6560092D451 /* GeometryDrawingViewController.m */ = {isa = PBXFileReference; fileEncoding = 4; lastKnownFileType = sourcecode.c.objc; path = GeometryDrawingViewController.m; sourceTree = "<group>"; };
		D16F8E851E95E7190092D451 /* PieView.h */ = {isa = PBXFileReference; fileEncoding = 4; lastKnownFileType = sourcecode.c.h; path = PieView.h; sourceTree = "<group>"; };
		D16F8E861E95E7190092D451 /* PieView.m */ = {isa = PBXFileReference; fileEncoding = 4; lastKnownFileType = sourcecode.c.objc; path = PieView.m; sourceTree = "<group>"; };
		D1A8E4CE1E704CC900D4DAB8 /* MyAbilityPractice.app */ = {isa = PBXFileReference; explicitFileType = wrapper.application; includeInIndex = 0; path = MyAbilityPractice.app; sourceTree = BUILT_PRODUCTS_DIR; };
		D1A8E4D21E704CC900D4DAB8 /* main.m */ = {isa = PBXFileReference; lastKnownFileType = sourcecode.c.objc; path = main.m; sourceTree = "<group>"; };
		D1A8E4D41E704CC900D4DAB8 /* AppDelegate.h */ = {isa = PBXFileReference; lastKnownFileType = sourcecode.c.h; path = AppDelegate.h; sourceTree = "<group>"; };
		D1A8E4D51E704CC900D4DAB8 /* AppDelegate.m */ = {isa = PBXFileReference; lastKnownFileType = sourcecode.c.objc; path = AppDelegate.m; sourceTree = "<group>"; };
		D1A8E4DB1E704CC900D4DAB8 /* Base */ = {isa = PBXFileReference; lastKnownFileType = file.storyboard; name = Base; path = Base.lproj/Main.storyboard; sourceTree = "<group>"; };
		D1A8E4DD1E704CC900D4DAB8 /* Assets.xcassets */ = {isa = PBXFileReference; lastKnownFileType = folder.assetcatalog; path = Assets.xcassets; sourceTree = "<group>"; };
		D1A8E4E01E704CC900D4DAB8 /* Base */ = {isa = PBXFileReference; lastKnownFileType = file.storyboard; name = Base; path = Base.lproj/LaunchScreen.storyboard; sourceTree = "<group>"; };
		D1A8E4E21E704CC900D4DAB8 /* Info.plist */ = {isa = PBXFileReference; lastKnownFileType = text.plist.xml; path = Info.plist; sourceTree = "<group>"; };
		D1A8E4F11E70520800D4DAB8 /* DemoListViewController.h */ = {isa = PBXFileReference; fileEncoding = 4; lastKnownFileType = sourcecode.c.h; path = DemoListViewController.h; sourceTree = "<group>"; };
		D1A8E4F21E70520800D4DAB8 /* DemoListViewController.m */ = {isa = PBXFileReference; fileEncoding = 4; lastKnownFileType = sourcecode.c.objc; path = DemoListViewController.m; sourceTree = "<group>"; };
		D1A8E4FC1E7056EA00D4DAB8 /* NSObject+AnimationComputing.h */ = {isa = PBXFileReference; fileEncoding = 4; lastKnownFileType = sourcecode.c.h; path = "NSObject+AnimationComputing.h"; sourceTree = "<group>"; };
		D1A8E4FD1E7056EA00D4DAB8 /* NSObject+AnimationComputing.m */ = {isa = PBXFileReference; fileEncoding = 4; lastKnownFileType = sourcecode.c.objc; path = "NSObject+AnimationComputing.m"; sourceTree = "<group>"; };
		D1A8E5011E70596700D4DAB8 /* Images.xcassets */ = {isa = PBXFileReference; lastKnownFileType = folder.assetcatalog; path = Images.xcassets; sourceTree = "<group>"; };
/* End PBXFileReference section */

/* Begin PBXFrameworksBuildPhase section */
		D1A8E4CB1E704CC900D4DAB8 /* Frameworks */ = {
			isa = PBXFrameworksBuildPhase;
			buildActionMask = 2147483647;
			files = (
			);
			runOnlyForDeploymentPostprocessing = 0;
		};
/* End PBXFrameworksBuildPhase section */

/* Begin PBXGroup section */
		D12503011E88F86600588560 /* Control */ = {
			isa = PBXGroup;
			children = (
				D12503021E88F86600588560 /* RedDot.h */,
				D12503031E88F86600588560 /* RedDot.m */,
				D12503041E88F86600588560 /* WaterWaveView.h */,
				D12503051E88F86600588560 /* WaterWaveView.m */,
			);
			path = Control;
			sourceTree = "<group>";
		};
		D125030B1E88F9EF00588560 /* Manager */ = {
			isa = PBXGroup;
			children = (
				D125030C1E88FA7200588560 /* AnimationTranslatorManager.h */,
				D125030D1E88FA7200588560 /* AnimationTranslatorManager.m */,
			);
			path = Manager;
			sourceTree = "<group>";
		};
		D16F89581E8F55500092D451 /* TransformAnimation */ = {
			isa = PBXGroup;
			children = (
				D16F896D1E94DDB40092D451 /* 7472Image.PNG */,
				D16F896A1E94CED70092D451 /* InteractiveTransition.h */,
				D16F896B1E94CED70092D451 /* InteractiveTransition.m */,
				D16F89611E8F98200092D451 /* NaviTranstionManager.h */,
				D16F89621E8F98200092D451 /* NaviTranstionManager.m */,
				D16F89591E8F56360092D451 /* TransformAnimationAViewController.h */,
				D16F895A1E8F56360092D451 /* TransformAnimationAViewController.m */,
				D16F895C1E8F703A0092D451 /* TransformAnimationBViewController.h */,
				D16F895D1E8F703A0092D451 /* TransformAnimationBViewController.m */,
				D16F89671E94BEC60092D451 /* TransformAnimationCViewController.h */,
				D16F89681E94BEC60092D451 /* TransformAnimationCViewController.m */,
			);
			path = TransformAnimation;
			sourceTree = "<group>";
		};
		D16F8E801E95E61C0092D451 /* GeometryDrawing */ = {
			isa = PBXGroup;
			children = (
				D16F8E841E95E7050092D451 /* View */,
				D16F8E811E95E6560092D451 /* GeometryDrawingViewController.h */,
				D16F8E821E95E6560092D451 /* GeometryDrawingViewController.m */,
			);
			name = GeometryDrawing;
			path = GeometryDraw;
			sourceTree = "<group>";
		};
		D16F8E841E95E7050092D451 /* View */ = {
			isa = PBXGroup;
			children = (
				D14265A41EAF552F00463958 /* RingProcessView.h */,
				D14265A51EAF552F00463958 /* RingProcessView.m */,
				D16F8E851E95E7190092D451 /* PieView.h */,
				D16F8E861E95E7190092D451 /* PieView.m */,
				D142659E1EAF381300463958 /* DonutHUBView.h */,
				D142659F1EAF381300463958 /* DonutHUBView.m */,
			);
			path = View;
			sourceTree = "<group>";
		};
		D1A8E4C51E704CC900D4DAB8 = {
			isa = PBXGroup;
			children = (
				D1A8E4D01E704CC900D4DAB8 /* MyAbilityPractice */,
				D1A8E4CF1E704CC900D4DAB8 /* Products */,
			);
			sourceTree = "<group>";
		};
		D1A8E4CF1E704CC900D4DAB8 /* Products */ = {
			isa = PBXGroup;
			children = (
				D1A8E4CE1E704CC900D4DAB8 /* MyAbilityPractice.app */,
			);
			name = Products;
			sourceTree = "<group>";
		};
		D1A8E4D01E704CC900D4DAB8 /* MyAbilityPractice */ = {
			isa = PBXGroup;
			children = (
				D16F8E801E95E61C0092D451 /* GeometryDrawing */,
				D16F89581E8F55500092D451 /* TransformAnimation */,
				D1A8E4F71E70563400D4DAB8 /* Animation */,
				D1A8E4D41E704CC900D4DAB8 /* AppDelegate.h */,
				D1A8E4D51E704CC900D4DAB8 /* AppDelegate.m */,
				D1A8E4F11E70520800D4DAB8 /* DemoListViewController.h */,
				D1A8E4F21E70520800D4DAB8 /* DemoListViewController.m */,
				D1A8E5011E70596700D4DAB8 /* Images.xcassets */,
				D1A8E4DA1E704CC900D4DAB8 /* Main.storyboard */,
				D1A8E4DD1E704CC900D4DAB8 /* Assets.xcassets */,
				D1A8E4DF1E704CC900D4DAB8 /* LaunchScreen.storyboard */,
				D1A8E4E21E704CC900D4DAB8 /* Info.plist */,
				D1A8E4D11E704CC900D4DAB8 /* Supporting Files */,
			);
			path = MyAbilityPractice;
			sourceTree = "<group>";
		};
		D1A8E4D11E704CC900D4DAB8 /* Supporting Files */ = {
			isa = PBXGroup;
			children = (
				D1A8E4D21E704CC900D4DAB8 /* main.m */,
			);
			name = "Supporting Files";
			sourceTree = "<group>";
		};
		D1A8E4F71E70563400D4DAB8 /* Animation */ = {
			isa = PBXGroup;
			children = (
				D125030B1E88F9EF00588560 /* Manager */,
				D12503011E88F86600588560 /* Control */,
				D1A8E4FB1E7056A500D4DAB8 /* AnimationCategroy */,
				D12502FE1E88F7EA00588560 /* AnimationViewController.h */,
				D12502FF1E88F7EA00588560 /* AnimationViewController.m */,
				D12503081E88F8C000588560 /* AnimationTransformViewController.h */,
				D12503091E88F8C000588560 /* AnimationTransformViewController.m */,
			);
			path = Animation;
			sourceTree = "<group>";
		};
		D1A8E4FB1E7056A500D4DAB8 /* AnimationCategroy */ = {
			isa = PBXGroup;
			children = (
				D1A8E4FC1E7056EA00D4DAB8 /* NSObject+AnimationComputing.h */,
				D1A8E4FD1E7056EA00D4DAB8 /* NSObject+AnimationComputing.m */,
			);
			path = AnimationCategroy;
			sourceTree = "<group>";
		};
/* End PBXGroup section */

/* Begin PBXNativeTarget section */
		D1A8E4CD1E704CC900D4DAB8 /* MyAbilityPractice */ = {
			isa = PBXNativeTarget;
			buildConfigurationList = D1A8E4E51E704CC900D4DAB8 /* Build configuration list for PBXNativeTarget "MyAbilityPractice" */;
			buildPhases = (
				D1A8E4CA1E704CC900D4DAB8 /* Sources */,
				D1A8E4CB1E704CC900D4DAB8 /* Frameworks */,
				D1A8E4CC1E704CC900D4DAB8 /* Resources */,
			);
			buildRules = (
			);
			dependencies = (
			);
			name = MyAbilityPractice;
			productName = MyAbilityPractice;
			productReference = D1A8E4CE1E704CC900D4DAB8 /* MyAbilityPractice.app */;
			productType = "com.apple.product-type.application";
		};
/* End PBXNativeTarget section */

/* Begin PBXProject section */
		D1A8E4C61E704CC900D4DAB8 /* Project object */ = {
			isa = PBXProject;
			attributes = {
				LastUpgradeCheck = 0820;
				ORGANIZATIONNAME = Yoon;
				TargetAttributes = {
					D1A8E4CD1E704CC900D4DAB8 = {
						CreatedOnToolsVersion = 8.2.1;
						DevelopmentTeam = 4JZRR82F52;
						ProvisioningStyle = Automatic;
					};
				};
			};
			buildConfigurationList = D1A8E4C91E704CC900D4DAB8 /* Build configuration list for PBXProject "MyAbilityPractice" */;
			compatibilityVersion = "Xcode 3.2";
			developmentRegion = English;
			hasScannedForEncodings = 0;
			knownRegions = (
				en,
				Base,
			);
			mainGroup = D1A8E4C51E704CC900D4DAB8;
			productRefGroup = D1A8E4CF1E704CC900D4DAB8 /* Products */;
			projectDirPath = "";
			projectRoot = "";
			targets = (
				D1A8E4CD1E704CC900D4DAB8 /* MyAbilityPractice */,
			);
		};
/* End PBXProject section */

/* Begin PBXResourcesBuildPhase section */
		D1A8E4CC1E704CC900D4DAB8 /* Resources */ = {
			isa = PBXResourcesBuildPhase;
			buildActionMask = 2147483647;
			files = (
				D1A8E4E11E704CC900D4DAB8 /* LaunchScreen.storyboard in Resources */,
				D1A8E5021E70596700D4DAB8 /* Images.xcassets in Resources */,
				D1A8E4DE1E704CC900D4DAB8 /* Assets.xcassets in Resources */,
				D1A8E4DC1E704CC900D4DAB8 /* Main.storyboard in Resources */,
				D16F896E1E94DDB40092D451 /* 7472Image.PNG in Resources */,
			);
			runOnlyForDeploymentPostprocessing = 0;
		};
/* End PBXResourcesBuildPhase section */

/* Begin PBXSourcesBuildPhase section */
		D1A8E4CA1E704CC900D4DAB8 /* Sources */ = {
			isa = PBXSourcesBuildPhase;
			buildActionMask = 2147483647;
			files = (
				D12503001E88F7EA00588560 /* AnimationViewController.m in Sources */,
				D1A8E4FE1E7056EA00D4DAB8 /* NSObject+AnimationComputing.m in Sources */,
				D16F895B1E8F56360092D451 /* TransformAnimationAViewController.m in Sources */,
				D16F895E1E8F703A0092D451 /* TransformAnimationBViewController.m in Sources */,
				D16F89631E8F98200092D451 /* NaviTranstionManager.m in Sources */,
				D12503071E88F86600588560 /* WaterWaveView.m in Sources */,
				D1A8E4D61E704CC900D4DAB8 /* AppDelegate.m in Sources */,
				D16F896C1E94CED70092D451 /* InteractiveTransition.m in Sources */,
				D1A8E4D31E704CC900D4DAB8 /* main.m in Sources */,
				D16F8E831E95E6560092D451 /* GeometryDrawingViewController.m in Sources */,
				D12503061E88F86600588560 /* RedDot.m in Sources */,
				D1A8E4F31E70520800D4DAB8 /* DemoListViewController.m in Sources */,
				D125030E1E88FA7200588560 /* AnimationTranslatorManager.m in Sources */,
				D14265A61EAF552F00463958 /* RingProcessView.m in Sources */,
				D16F8E871E95E7190092D451 /* PieView.m in Sources */,
				D125030A1E88F8C000588560 /* AnimationTransformViewController.m in Sources */,
				D14265A01EAF381300463958 /* DonutHUBView.m in Sources */,
				D16F89691E94BEC60092D451 /* TransformAnimationCViewController.m in Sources */,
			);
			runOnlyForDeploymentPostprocessing = 0;
		};
/* End PBXSourcesBuildPhase section */

/* Begin PBXVariantGroup section */
		D1A8E4DA1E704CC900D4DAB8 /* Main.storyboard */ = {
			isa = PBXVariantGroup;
			children = (
				D1A8E4DB1E704CC900D4DAB8 /* Base */,
			);
			name = Main.storyboard;
			sourceTree = "<group>";
		};
		D1A8E4DF1E704CC900D4DAB8 /* LaunchScreen.storyboard */ = {
			isa = PBXVariantGroup;
			children = (
				D1A8E4E01E704CC900D4DAB8 /* Base */,
			);
			name = LaunchScreen.storyboard;
			sourceTree = "<group>";
		};
/* End PBXVariantGroup section */

/* Begin XCBuildConfiguration section */
		D1A8E4E31E704CC900D4DAB8 /* Debug */ = {
			isa = XCBuildConfiguration;
			buildSettings = {
				ALWAYS_SEARCH_USER_PATHS = NO;
				CLANG_ANALYZER_NONNULL = YES;
				CLANG_CXX_LANGUAGE_STANDARD = "gnu++0x";
				CLANG_CXX_LIBRARY = "libc++";
				CLANG_ENABLE_MODULES = YES;
				CLANG_ENABLE_OBJC_ARC = YES;
				CLANG_WARN_BOOL_CONVERSION = YES;
				CLANG_WARN_CONSTANT_CONVERSION = YES;
				CLANG_WARN_DIRECT_OBJC_ISA_USAGE = YES_ERROR;
				CLANG_WARN_DOCUMENTATION_COMMENTS = YES;
				CLANG_WARN_EMPTY_BODY = YES;
				CLANG_WARN_ENUM_CONVERSION = YES;
				CLANG_WARN_INFINITE_RECURSION = YES;
				CLANG_WARN_INT_CONVERSION = YES;
				CLANG_WARN_OBJC_ROOT_CLASS = YES_ERROR;
				CLANG_WARN_SUSPICIOUS_MOVE = YES;
				CLANG_WARN_UNREACHABLE_CODE = YES;
				CLANG_WARN__DUPLICATE_METHOD_MATCH = YES;
				"CODE_SIGN_IDENTITY[sdk=iphoneos*]" = "iPhone Developer";
				COPY_PHASE_STRIP = NO;
				DEBUG_INFORMATION_FORMAT = dwarf;
				ENABLE_STRICT_OBJC_MSGSEND = YES;
				ENABLE_TESTABILITY = YES;
				GCC_C_LANGUAGE_STANDARD = gnu99;
				GCC_DYNAMIC_NO_PIC = NO;
				GCC_NO_COMMON_BLOCKS = YES;
				GCC_OPTIMIZATION_LEVEL = 0;
				GCC_PREPROCESSOR_DEFINITIONS = (
					"DEBUG=1",
					"$(inherited)",
				);
				GCC_WARN_64_TO_32_BIT_CONVERSION = YES;
				GCC_WARN_ABOUT_RETURN_TYPE = YES_ERROR;
				GCC_WARN_UNDECLARED_SELECTOR = YES;
				GCC_WARN_UNINITIALIZED_AUTOS = YES_AGGRESSIVE;
				GCC_WARN_UNUSED_FUNCTION = YES;
				GCC_WARN_UNUSED_VARIABLE = YES;
				IPHONEOS_DEPLOYMENT_TARGET = 10.2;
				MTL_ENABLE_DEBUG_INFO = YES;
				ONLY_ACTIVE_ARCH = YES;
				SDKROOT = iphoneos;
				TARGETED_DEVICE_FAMILY = "1,2";
			};
			name = Debug;
		};
		D1A8E4E41E704CC900D4DAB8 /* Release */ = {
			isa = XCBuildConfiguration;
			buildSettings = {
				ALWAYS_SEARCH_USER_PATHS = NO;
				CLANG_ANALYZER_NONNULL = YES;
				CLANG_CXX_LANGUAGE_STANDARD = "gnu++0x";
				CLANG_CXX_LIBRARY = "libc++";
				CLANG_ENABLE_MODULES = YES;
				CLANG_ENABLE_OBJC_ARC = YES;
				CLANG_WARN_BOOL_CONVERSION = YES;
				CLANG_WARN_CONSTANT_CONVERSION = YES;
				CLANG_WARN_DIRECT_OBJC_ISA_USAGE = YES_ERROR;
				CLANG_WARN_DOCUMENTATION_COMMENTS = YES;
				CLANG_WARN_EMPTY_BODY = YES;
				CLANG_WARN_ENUM_CONVERSION = YES;
				CLANG_WARN_INFINITE_RECURSION = YES;
				CLANG_WARN_INT_CONVERSION = YES;
				CLANG_WARN_OBJC_ROOT_CLASS = YES_ERROR;
				CLANG_WARN_SUSPICIOUS_MOVE = YES;
				CLANG_WARN_UNREACHABLE_CODE = YES;
				CLANG_WARN__DUPLICATE_METHOD_MATCH = YES;
				"CODE_SIGN_IDENTITY[sdk=iphoneos*]" = "iPhone Developer";
				COPY_PHASE_STRIP = NO;
				DEBUG_INFORMATION_FORMAT = "dwarf-with-dsym";
				ENABLE_NS_ASSERTIONS = NO;
				ENABLE_STRICT_OBJC_MSGSEND = YES;
				GCC_C_LANGUAGE_STANDARD = gnu99;
				GCC_NO_COMMON_BLOCKS = YES;
				GCC_WARN_64_TO_32_BIT_CONVERSION = YES;
				GCC_WARN_ABOUT_RETURN_TYPE = YES_ERROR;
				GCC_WARN_UNDECLARED_SELECTOR = YES;
				GCC_WARN_UNINITIALIZED_AUTOS = YES_AGGRESSIVE;
				GCC_WARN_UNUSED_FUNCTION = YES;
				GCC_WARN_UNUSED_VARIABLE = YES;
				IPHONEOS_DEPLOYMENT_TARGET = 10.2;
				MTL_ENABLE_DEBUG_INFO = NO;
				SDKROOT = iphoneos;
				TARGETED_DEVICE_FAMILY = "1,2";
				VALIDATE_PRODUCT = YES;
			};
			name = Release;
		};
		D1A8E4E61E704CC900D4DAB8 /* Debug */ = {
			isa = XCBuildConfiguration;
			buildSettings = {
				ASSETCATALOG_COMPILER_APPICON_NAME = AppIcon;
				DEVELOPMENT_TEAM = 4JZRR82F52;
				INFOPLIST_FILE = MyAbilityPractice/Info.plist;
				IPHONEOS_DEPLOYMENT_TARGET = 8.0;
				LD_RUNPATH_SEARCH_PATHS = "$(inherited) @executable_path/Frameworks";
				PRODUCT_BUNDLE_IDENTIFIER = Dombo.MyAbilityPractice;
				PRODUCT_NAME = "$(TARGET_NAME)";
			};
			name = Debug;
		};
		D1A8E4E71E704CC900D4DAB8 /* Release */ = {
			isa = XCBuildConfiguration;
			buildSettings = {
				ASSETCATALOG_COMPILER_APPICON_NAME = AppIcon;
				DEVELOPMENT_TEAM = 4JZRR82F52;
				INFOPLIST_FILE = MyAbilityPractice/Info.plist;
				IPHONEOS_DEPLOYMENT_TARGET = 8.0;
				LD_RUNPATH_SEARCH_PATHS = "$(inherited) @executable_path/Frameworks";
				PRODUCT_BUNDLE_IDENTIFIER = Dombo.MyAbilityPractice;
				PRODUCT_NAME = "$(TARGET_NAME)";
			};
			name = Release;
		};
/* End XCBuildConfiguration section */

/* Begin XCConfigurationList section */
		D1A8E4C91E704CC900D4DAB8 /* Build configuration list for PBXProject "MyAbilityPractice" */ = {
			isa = XCConfigurationList;
			buildConfigurations = (
				D1A8E4E31E704CC900D4DAB8 /* Debug */,
				D1A8E4E41E704CC900D4DAB8 /* Release */,
			);
			defaultConfigurationIsVisible = 0;
			defaultConfigurationName = Release;
		};
		D1A8E4E51E704CC900D4DAB8 /* Build configuration list for PBXNativeTarget "MyAbilityPractice" */ = {
			isa = XCConfigurationList;
			buildConfigurations = (
				D1A8E4E61E704CC900D4DAB8 /* Debug */,
				D1A8E4E71E704CC900D4DAB8 /* Release */,
			);
			defaultConfigurationIsVisible = 0;
			defaultConfigurationName = Release;
		};
/* End XCConfigurationList section */
	};
	rootObject = D1A8E4C61E704CC900D4DAB8 /* Project object */;
}
